
Microsoft Visual Studio Solution File, Format Version 12.00
Project("{FAE04EC0-301F-11D3-BF4B-00C04F79EFBC}") = "LibraryTemplate", "LibraryTemplate\LibraryTemplate.csproj", "{D515EB5D-AD39-4398-BFB6-C8FAE458B4F4}"
EndProject
Global
	GlobalSection(SolutionConfigurationPlatforms) = preSolution
		Debug|Any CPU = Debug|Any CPU
		Release|Any CPU = Release|Any CPU
	EndGlobalSection
	GlobalSection(ProjectConfigurationPlatforms) = postSolution
		{D515EB5D-AD39-4398-BFB6-C8FAE458B4F4}.Debug|Any CPU.ActiveCfg = Debug|Any CPU
		{D515EB5D-AD39-4398-BFB6-C8FAE458B4F4}.Debug|Any CPU.Build.0 = Debug|Any CPU
		{D515EB5D-AD39-4398-BFB6-C8FAE458B4F4}.Release|Any CPU.ActiveCfg = Release|Any CPU
		{D515EB5D-AD39-4398-BFB6-C8FAE458B4F4}.Release|Any CPU.Build.0 = Release|Any CPU
	EndGlobalSection
EndGlobal
